
Microsoft Visual Studio Solution File, Format Version 11.00
# Visual Studio 2010
Project("{FAE04EC0-301F-11D3-BF4B-00C04F79EFBC}") = "Assembly-CSharp", "Assembly-CSharp.csproj", "{89556a35-4ff6-fb79-6b5a-e4c89c698ab2}"
EndProject
Project("{FAE04EC0-301F-11D3-BF4B-00C04F79EFBC}") = "Assembly-CSharp-Editor", "Assembly-CSharp-Editor.csproj", "{3c8a076e-e6d0-10bf-461a-4864de82fa56}"
EndProject
Global
	GlobalSection(SolutionConfigurationPlatforms) = preSolution
		Debug|Any CPU = Debug|Any CPU
	EndGlobalSection
	GlobalSection(ProjectConfigurationPlatforms) = postSolution
		{89556a35-4ff6-fb79-6b5a-e4c89c698ab2}.Debug|Any CPU.ActiveCfg = Debug|Any CPU
		{89556a35-4ff6-fb79-6b5a-e4c89c698ab2}.Debug|Any CPU.Build.0 = Debug|Any CPU
		{3c8a076e-e6d0-10bf-461a-4864de82fa56}.Debug|Any CPU.ActiveCfg = Debug|Any CPU
		{3c8a076e-e6d0-10bf-461a-4864de82fa56}.Debug|Any CPU.Build.0 = Debug|Any CPU
	EndGlobalSection
	GlobalSection(SolutionProperties) = preSolution
		HideSolutionNode = FALSE
	EndGlobalSection
EndGlobal
